// !$*UTF8*$!
{
	archiveVersion = 1;
	classes = {
	};
	objectVersion = 50;
	objects = {

/* Begin PBXBuildFile section */
		4D6AF91C2434EA6500E9D7BE /* AppDelegate.swift in Sources */ = {isa = PBXBuildFile; fileRef = 4D6AF91B2434EA6500E9D7BE /* AppDelegate.swift */; };
		4D6AF9252434EA6800E9D7BE /* Assets.xcassets in Resources */ = {isa = PBXBuildFile; fileRef = 4D6AF9242434EA6800E9D7BE /* Assets.xcassets */; };
		4D6AF9282434EA6800E9D7BE /* LaunchScreen.storyboard in Resources */ = {isa = PBXBuildFile; fileRef = 4D6AF9262434EA6800E9D7BE /* LaunchScreen.storyboard */; };
		4D6AF9352435882600E9D7BE /* HomeVC.swift in Sources */ = {isa = PBXBuildFile; fileRef = 4D6AF9342435882600E9D7BE /* HomeVC.swift */; };
		4D6AF9372435884100E9D7BE /* Home.storyboard in Resources */ = {isa = PBXBuildFile; fileRef = 4D6AF9362435884100E9D7BE /* Home.storyboard */; };
		4D6AF93924358B3B00E9D7BE /* NetworkingAPI.swift in Sources */ = {isa = PBXBuildFile; fileRef = 4D6AF93824358B3B00E9D7BE /* NetworkingAPI.swift */; };
		4D6AF93B24358D4B00E9D7BE /* AllData.swift in Sources */ = {isa = PBXBuildFile; fileRef = 4D6AF93A24358D4B00E9D7BE /* AllData.swift */; };
		4D6AF93D24359A2F00E9D7BE /* SpecificCountryData.swift in Sources */ = {isa = PBXBuildFile; fileRef = 4D6AF93C24359A2F00E9D7BE /* SpecificCountryData.swift */; };
		4D6AF947243727AA00E9D7BE /* Main.storyboard in Resources */ = {isa = PBXBuildFile; fileRef = 4D6AF946243727AA00E9D7BE /* Main.storyboard */; };
		4D6AF949243727CC00E9D7BE /* MainVC.swift in Sources */ = {isa = PBXBuildFile; fileRef = 4D6AF948243727CC00E9D7BE /* MainVC.swift */; };
		4D6AF94B24372BAF00E9D7BE /* MainTVC.swift in Sources */ = {isa = PBXBuildFile; fileRef = 4D6AF94A24372BAF00E9D7BE /* MainTVC.swift */; };
		4D6AF94D24373C9D00E9D7BE /* SubMainVC.swift in Sources */ = {isa = PBXBuildFile; fileRef = 4D6AF94C24373C9D00E9D7BE /* SubMainVC.swift */; };
/* End PBXBuildFile section */

/* Begin PBXFileReference section */
		4D6AF9182434EA6500E9D7BE /* T-Covid19.app */ = {isa = PBXFileReference; explicitFileType = wrapper.application; includeInIndex = 0; path = "T-Covid19.app"; sourceTree = BUILT_PRODUCTS_DIR; };
		4D6AF91B2434EA6500E9D7BE /* AppDelegate.swift */ = {isa = PBXFileReference; lastKnownFileType = sourcecode.swift; path = AppDelegate.swift; sourceTree = "<group>"; };
		4D6AF9242434EA6800E9D7BE /* Assets.xcassets */ = {isa = PBXFileReference; lastKnownFileType = folder.assetcatalog; path = Assets.xcassets; sourceTree = "<group>"; };
		4D6AF9272434EA6800E9D7BE /* Base */ = {isa = PBXFileReference; lastKnownFileType = file.storyboard; name = Base; path = Base.lproj/LaunchScreen.storyboard; sourceTree = "<group>"; };
		4D6AF9292434EA6800E9D7BE /* Info.plist */ = {isa = PBXFileReference; lastKnownFileType = text.plist.xml; path = Info.plist; sourceTree = "<group>"; };
		4D6AF9342435882600E9D7BE /* HomeVC.swift */ = {isa = PBXFileReference; lastKnownFileType = sourcecode.swift; path = HomeVC.swift; sourceTree = "<group>"; };
		4D6AF9362435884100E9D7BE /* Home.storyboard */ = {isa = PBXFileReference; lastKnownFileType = file.storyboard; path = Home.storyboard; sourceTree = "<group>"; };
		4D6AF93824358B3B00E9D7BE /* NetworkingAPI.swift */ = {isa = PBXFileReference; lastKnownFileType = sourcecode.swift; path = NetworkingAPI.swift; sourceTree = "<group>"; };
		4D6AF93A24358D4B00E9D7BE /* AllData.swift */ = {isa = PBXFileReference; lastKnownFileType = sourcecode.swift; path = AllData.swift; sourceTree = "<group>"; };
		4D6AF93C24359A2F00E9D7BE /* SpecificCountryData.swift */ = {isa = PBXFileReference; lastKnownFileType = sourcecode.swift; path = SpecificCountryData.swift; sourceTree = "<group>"; };
		4D6AF946243727AA00E9D7BE /* Main.storyboard */ = {isa = PBXFileReference; lastKnownFileType = file.storyboard; path = Main.storyboard; sourceTree = "<group>"; };
		4D6AF948243727CC00E9D7BE /* MainVC.swift */ = {isa = PBXFileReference; lastKnownFileType = sourcecode.swift; path = MainVC.swift; sourceTree = "<group>"; };
		4D6AF94A24372BAF00E9D7BE /* MainTVC.swift */ = {isa = PBXFileReference; lastKnownFileType = sourcecode.swift; path = MainTVC.swift; sourceTree = "<group>"; };
		4D6AF94C24373C9D00E9D7BE /* SubMainVC.swift */ = {isa = PBXFileReference; lastKnownFileType = sourcecode.swift; path = SubMainVC.swift; sourceTree = "<group>"; };
/* End PBXFileReference section */

/* Begin PBXFrameworksBuildPhase section */
		4D6AF9152434EA6500E9D7BE /* Frameworks */ = {
			isa = PBXFrameworksBuildPhase;
			buildActionMask = 2147483647;
			files = (
			);
			runOnlyForDeploymentPostprocessing = 0;
		};
/* End PBXFrameworksBuildPhase section */

/* Begin PBXGroup section */
		4D6AF90F2434EA6500E9D7BE = {
			isa = PBXGroup;
			children = (
				4D6AF91A2434EA6500E9D7BE /* T-Covid19 */,
				4D6AF9192434EA6500E9D7BE /* Products */,
			);
			sourceTree = "<group>";
		};
		4D6AF9192434EA6500E9D7BE /* Products */ = {
			isa = PBXGroup;
			children = (
				4D6AF9182434EA6500E9D7BE /* T-Covid19.app */,
			);
			name = Products;
			sourceTree = "<group>";
		};
		4D6AF91A2434EA6500E9D7BE /* T-Covid19 */ = {
			isa = PBXGroup;
			children = (
				4D6AF91B2434EA6500E9D7BE /* AppDelegate.swift */,
				4D6AF9332434EABE00E9D7BE /* Controller */,
				4D6AF9322434EAB900E9D7BE /* View */,
				4D6AF9312434EAB200E9D7BE /* Networking */,
				4D6AF9302434EAAA00E9D7BE /* Model */,
				4D6AF9242434EA6800E9D7BE /* Assets.xcassets */,
				4D6AF9262434EA6800E9D7BE /* LaunchScreen.storyboard */,
				4D6AF9292434EA6800E9D7BE /* Info.plist */,
			);
			path = "T-Covid19";
			sourceTree = "<group>";
		};
		4D6AF9302434EAAA00E9D7BE /* Model */ = {
			isa = PBXGroup;
			children = (
				4D6AF93A24358D4B00E9D7BE /* AllData.swift */,
				4D6AF93C24359A2F00E9D7BE /* SpecificCountryData.swift */,
			);
			path = Model;
			sourceTree = "<group>";
		};
		4D6AF9312434EAB200E9D7BE /* Networking */ = {
			isa = PBXGroup;
			children = (
				4D6AF93824358B3B00E9D7BE /* NetworkingAPI.swift */,
			);
			path = Networking;
			sourceTree = "<group>";
		};
		4D6AF9322434EAB900E9D7BE /* View */ = {
			isa = PBXGroup;
			children = (
				4D6AF9362435884100E9D7BE /* Home.storyboard */,
				4D6AF946243727AA00E9D7BE /* Main.storyboard */,
				4D6AF94A24372BAF00E9D7BE /* MainTVC.swift */,
			);
			path = View;
			sourceTree = "<group>";
		};
		4D6AF9332434EABE00E9D7BE /* Controller */ = {
			isa = PBXGroup;
			children = (
				4D6AF9342435882600E9D7BE /* HomeVC.swift */,
				4D6AF948243727CC00E9D7BE /* MainVC.swift */,
				4D6AF94C24373C9D00E9D7BE /* SubMainVC.swift */,
			);
			path = Controller;
			sourceTree = "<group>";
		};
/* End PBXGroup section */

/* Begin PBXNativeTarget section */
		4D6AF9172434EA6500E9D7BE /* T-Covid19 */ = {
			isa = PBXNativeTarget;
			buildConfigurationList = 4D6AF92C2434EA6800E9D7BE /* Build configuration list for PBXNativeTarget "T-Covid19" */;
			buildPhases = (
				4D6AF9142434EA6500E9D7BE /* Sources */,
				4D6AF9152434EA6500E9D7BE /* Frameworks */,
				4D6AF9162434EA6500E9D7BE /* Resources */,
			);
			buildRules = (
			);
			dependencies = (
			);
			name = "T-Covid19";
			productName = "T-Covid19";
			productReference = 4D6AF9182434EA6500E9D7BE /* T-Covid19.app */;
			productType = "com.apple.product-type.application";
		};
/* End PBXNativeTarget section */

/* Begin PBXProject section */
		4D6AF9102434EA6500E9D7BE /* Project object */ = {
			isa = PBXProject;
			attributes = {
				LastSwiftUpdateCheck = 1120;
				LastUpgradeCheck = 1120;
				ORGANIZATIONNAME = "Blue Skin";
				TargetAttributes = {
					4D6AF9172434EA6500E9D7BE = {
						CreatedOnToolsVersion = 11.2.1;
					};
				};
			};
			buildConfigurationList = 4D6AF9132434EA6500E9D7BE /* Build configuration list for PBXProject "T-Covid19" */;
			compatibilityVersion = "Xcode 9.3";
			developmentRegion = en;
			hasScannedForEncodings = 0;
			knownRegions = (
				en,
				Base,
			);
			mainGroup = 4D6AF90F2434EA6500E9D7BE;
			productRefGroup = 4D6AF9192434EA6500E9D7BE /* Products */;
			projectDirPath = "";
			projectRoot = "";
			targets = (
				4D6AF9172434EA6500E9D7BE /* T-Covid19 */,
			);
		};
/* End PBXProject section */

/* Begin PBXResourcesBuildPhase section */
		4D6AF9162434EA6500E9D7BE /* Resources */ = {
			isa = PBXResourcesBuildPhase;
			buildActionMask = 2147483647;
			files = (
				4D6AF9282434EA6800E9D7BE /* LaunchScreen.storyboard in Resources */,
				4D6AF9252434EA6800E9D7BE /* Assets.xcassets in Resources */,
				4D6AF9372435884100E9D7BE /* Home.storyboard in Resources */,
				4D6AF947243727AA00E9D7BE /* Main.storyboard in Resources */,
			);
			runOnlyForDeploymentPostprocessing = 0;
		};
/* End PBXResourcesBuildPhase section */

/* Begin PBXSourcesBuildPhase section */
		4D6AF9142434EA6500E9D7BE /* Sources */ = {
			isa = PBXSourcesBuildPhase;
			buildActionMask = 2147483647;
			files = (
				4D6AF93924358B3B00E9D7BE /* NetworkingAPI.swift in Sources */,
				4D6AF949243727CC00E9D7BE /* MainVC.swift in Sources */,
				4D6AF94D24373C9D00E9D7BE /* SubMainVC.swift in Sources */,
				4D6AF93D24359A2F00E9D7BE /* SpecificCountryData.swift in Sources */,
				4D6AF94B24372BAF00E9D7BE /* MainTVC.swift in Sources */,
				4D6AF9352435882600E9D7BE /* HomeVC.swift in Sources */,
				4D6AF91C2434EA6500E9D7BE /* AppDelegate.swift in Sources */,
				4D6AF93B24358D4B00E9D7BE /* AllData.swift in Sources */,
			);
			runOnlyForDeploymentPostprocessing = 0;
		};
/* End PBXSourcesBuildPhase section */

/* Begin PBXVariantGroup section */
		4D6AF9262434EA6800E9D7BE /* LaunchScreen.storyboard */ = {
			isa = PBXVariantGroup;
			children = (
				4D6AF9272434EA6800E9D7BE /* Base */,
			);
			name = LaunchScreen.storyboard;
			sourceTree = "<group>";
		};
/* End PBXVariantGroup section */

/* Begin XCBuildConfiguration section */
		4D6AF92A2434EA6800E9D7BE /* Debug */ = {
			isa = XCBuildConfiguration;
			buildSettings = {
				ALWAYS_SEARCH_USER_PATHS = YES;
				CLANG_ANALYZER_NONNULL = YES;
				CLANG_ANALYZER_NUMBER_OBJECT_CONVERSION = YES_AGGRESSIVE;
				CLANG_CXX_LANGUAGE_STANDARD = "gnu++14";
				CLANG_CXX_LIBRARY = "libc++";
				CLANG_ENABLE_MODULES = YES;
				CLANG_ENABLE_OBJC_ARC = YES;
				CLANG_ENABLE_OBJC_WEAK = YES;
				CLANG_WARN_BLOCK_CAPTURE_AUTORELEASING = YES;
				CLANG_WARN_BOOL_CONVERSION = YES;
				CLANG_WARN_COMMA = YES;
				CLANG_WARN_CONSTANT_CONVERSION = YES;
				CLANG_WARN_DEPRECATED_OBJC_IMPLEMENTATIONS = YES;
				CLANG_WARN_DIRECT_OBJC_ISA_USAGE = YES_ERROR;
				CLANG_WARN_DOCUMENTATION_COMMENTS = YES;
				CLANG_WARN_EMPTY_BODY = YES;
				CLANG_WARN_ENUM_CONVERSION = YES;
				CLANG_WARN_INFINITE_RECURSION = YES;
				CLANG_WARN_INT_CONVERSION = YES;
				CLANG_WARN_NON_LITERAL_NULL_CONVERSION = YES;
				CLANG_WARN_OBJC_IMPLICIT_RETAIN_SELF = YES;
				CLANG_WARN_OBJC_LITERAL_CONVERSION = YES;
				CLANG_WARN_OBJC_ROOT_CLASS = YES_ERROR;
				CLANG_WARN_RANGE_LOOP_ANALYSIS = YES;
				CLANG_WARN_STRICT_PROTOTYPES = YES;
				CLANG_WARN_SUSPICIOUS_MOVE = YES;
				CLANG_WARN_UNGUARDED_AVAILABILITY = YES_AGGRESSIVE;
				CLANG_WARN_UNREACHABLE_CODE = YES;
				CLANG_WARN__DUPLICATE_METHOD_MATCH = YES;
				COPY_PHASE_STRIP = NO;
				DEBUG_INFORMATION_FORMAT = dwarf;
				ENABLE_STRICT_OBJC_MSGSEND = YES;
				ENABLE_TESTABILITY = YES;
				GCC_C_LANGUAGE_STANDARD = gnu11;
				GCC_DYNAMIC_NO_PIC = NO;
				GCC_NO_COMMON_BLOCKS = YES;
				GCC_OPTIMIZATION_LEVEL = 0;
				GCC_PREPROCESSOR_DEFINITIONS = (
					"DEBUG=1",
					"$(inherited)",
				);
				GCC_WARN_64_TO_32_BIT_CONVERSION = YES;
				GCC_WARN_ABOUT_RETURN_TYPE = YES_ERROR;
				GCC_WARN_UNDECLARED_SELECTOR = YES;
				GCC_WARN_UNINITIALIZED_AUTOS = YES_AGGRESSIVE;
				GCC_WARN_UNUSED_FUNCTION = YES;
				GCC_WARN_UNUSED_VARIABLE = YES;
				IPHONEOS_DEPLOYMENT_TARGET = 13.2;
				MTL_ENABLE_DEBUG_INFO = INCLUDE_SOURCE;
				MTL_FAST_MATH = YES;
				ONLY_ACTIVE_ARCH = YES;
				SDKROOT = iphoneos;
				SWIFT_ACTIVE_COMPILATION_CONDITIONS = DEBUG;
				SWIFT_OPTIMIZATION_LEVEL = "-Onone";
			};
			name = Debug;
		};
		4D6AF92B2434EA6800E9D7BE /* Release */ = {
			isa = XCBuildConfiguration;
			buildSettings = {
				ALWAYS_SEARCH_USER_PATHS = YES;
				CLANG_ANALYZER_NONNULL = YES;
				CLANG_ANALYZER_NUMBER_OBJECT_CONVERSION = YES_AGGRESSIVE;
				CLANG_CXX_LANGUAGE_STANDARD = "gnu++14";
				CLANG_CXX_LIBRARY = "libc++";
				CLANG_ENABLE_MODULES = YES;
				CLANG_ENABLE_OBJC_ARC = YES;
				CLANG_ENABLE_OBJC_WEAK = YES;
				CLANG_WARN_BLOCK_CAPTURE_AUTORELEASING = YES;
				CLANG_WARN_BOOL_CONVERSION = YES;
				CLANG_WARN_COMMA = YES;
				CLANG_WARN_CONSTANT_CONVERSION = YES;
				CLANG_WARN_DEPRECATED_OBJC_IMPLEMENTATIONS = YES;
				CLANG_WARN_DIRECT_OBJC_ISA_USAGE = YES_ERROR;
				CLANG_WARN_DOCUMENTATION_COMMENTS = YES;
				CLANG_WARN_EMPTY_BODY = YES;
				CLANG_WARN_ENUM_CONVERSION = YES;
				CLANG_WARN_INFINITE_RECURSION = YES;
				CLANG_WARN_INT_CONVERSION = YES;
				CLANG_WARN_NON_LITERAL_NULL_CONVERSION = YES;
				CLANG_WARN_OBJC_IMPLICIT_RETAIN_SELF = YES;
				CLANG_WARN_OBJC_LITERAL_CONVERSION = YES;
				CLANG_WARN_OBJC_ROOT_CLASS = YES_ERROR;
				CLANG_WARN_RANGE_LOOP_ANALYSIS = YES;
				CLANG_WARN_STRICT_PROTOTYPES = YES;
				CLANG_WARN_SUSPICIOUS_MOVE = YES;
				CLANG_WARN_UNGUARDED_AVAILABILITY = YES_AGGRESSIVE;
				CLANG_WARN_UNREACHABLE_CODE = YES;
				CLANG_WARN__DUPLICATE_METHOD_MATCH = YES;
				COPY_PHASE_STRIP = NO;
				DEBUG_INFORMATION_FORMAT = "dwarf-with-dsym";
				ENABLE_NS_ASSERTIONS = NO;
				ENABLE_STRICT_OBJC_MSGSEND = YES;
				GCC_C_LANGUAGE_STANDARD = gnu11;
				GCC_NO_COMMON_BLOCKS = YES;
				GCC_WARN_64_TO_32_BIT_CONVERSION = YES;
				GCC_WARN_ABOUT_RETURN_TYPE = YES_ERROR;
				GCC_WARN_UNDECLARED_SELECTOR = YES;
				GCC_WARN_UNINITIALIZED_AUTOS = YES_AGGRESSIVE;
				GCC_WARN_UNUSED_FUNCTION = YES;
				GCC_WARN_UNUSED_VARIABLE = YES;
				IPHONEOS_DEPLOYMENT_TARGET = 13.2;
				MTL_ENABLE_DEBUG_INFO = NO;
				MTL_FAST_MATH = YES;
				SDKROOT = iphoneos;
				SWIFT_COMPILATION_MODE = wholemodule;
				SWIFT_OPTIMIZATION_LEVEL = "-O";
				VALIDATE_PRODUCT = YES;
			};
			name = Release;
		};
		4D6AF92D2434EA6800E9D7BE /* Debug */ = {
			isa = XCBuildConfiguration;
			buildSettings = {
				ASSETCATALOG_COMPILER_APPICON_NAME = AppIcon;
				CODE_SIGN_STYLE = Automatic;
				DEVELOPMENT_TEAM = LLU3TMC9Q3;
				INFOPLIST_FILE = "T-Covid19/Info.plist";
				IPHONEOS_DEPLOYMENT_TARGET = 13.2;
				LD_RUNPATH_SEARCH_PATHS = (
					"$(inherited)",
					"@executable_path/Frameworks",
				);
				PRODUCT_BUNDLE_IDENTIFIER = "com.blueskin.T-Covid19";
				PRODUCT_NAME = "$(TARGET_NAME)";
				SWIFT_VERSION = 5.0;
				TARGETED_DEVICE_FAMILY = "1,2";
			};
			name = Debug;
		};
		4D6AF92E2434EA6800E9D7BE /* Release */ = {
			isa = XCBuildConfiguration;
			buildSettings = {
				ASSETCATALOG_COMPILER_APPICON_NAME = AppIcon;
				CODE_SIGN_STYLE = Automatic;
				DEVELOPMENT_TEAM = LLU3TMC9Q3;
				INFOPLIST_FILE = "T-Covid19/Info.plist";
				IPHONEOS_DEPLOYMENT_TARGET = 13.2;
				LD_RUNPATH_SEARCH_PATHS = (
					"$(inherited)",
					"@executable_path/Frameworks",
				);
				PRODUCT_BUNDLE_IDENTIFIER = "com.blueskin.T-Covid19";
				PRODUCT_NAME = "$(TARGET_NAME)";
				SWIFT_VERSION = 5.0;
				TARGETED_DEVICE_FAMILY = "1,2";
			};
			name = Release;
		};
/* End XCBuildConfiguration section */

/* Begin XCConfigurationList section */
		4D6AF9132434EA6500E9D7BE /* Build configuration list for PBXProject "T-Covid19" */ = {
			isa = XCConfigurationList;
			buildConfigurations = (
				4D6AF92A2434EA6800E9D7BE /* Debug */,
				4D6AF92B2434EA6800E9D7BE /* Release */,
			);
			defaultConfigurationIsVisible = 0;
			defaultConfigurationName = Release;
		};
		4D6AF92C2434EA6800E9D7BE /* Build configuration list for PBXNativeTarget "T-Covid19" */ = {
			isa = XCConfigurationList;
			buildConfigurations = (
				4D6AF92D2434EA6800E9D7BE /* Debug */,
				4D6AF92E2434EA6800E9D7BE /* Release */,
			);
			defaultConfigurationIsVisible = 0;
			defaultConfigurationName = Release;
		};
/* End XCConfigurationList section */
	};
	rootObject = 4D6AF9102434EA6500E9D7BE /* Project object */;
}
